
Microsoft Visual Studio Solution File, Format Version 12.00
# Visual Studio 15
VisualStudioVersion = 15.0.28010.2048
MinimumVisualStudioVersion = 10.0.40219.1
Project("{FAE04EC0-301F-11D3-BF4B-00C04F79EFBC}") = "ValidationService", "ValidationService\ValidationService.csproj", "{83D3F5E5-6951-4820-8728-D06111B6CA78}"
EndProject
Project("{FAE04EC0-301F-11D3-BF4B-00C04F79EFBC}") = "ValidationService.Tests", "ValidationService.Tests\ValidationService.Tests.csproj", "{A2039CD9-58BA-4069-A945-D618E2CEDE83}"
EndProject
Project("{2150E333-8FDC-42A3-9474-1A3956D46DE8}") = "_documents", "_documents", "{E90A05DE-674E-4E6E-AF32-D4B636046CD4}"
	ProjectSection(SolutionItems) = preProject
		_documents\README.md = _documents\README.md
	EndProjectSection
EndProject
Project("{2150E333-8FDC-42A3-9474-1A3956D46DE8}") = "01-requirements", "01-requirements", "{BFF71DAE-709C-431C-AED4-5E1A35CA1900}"
	ProjectSection(SolutionItems) = preProject
		_documents\01-requirements\Software Architect Test 08102018.pdf = _documents\01-requirements\Software Architect Test 08102018.pdf
	EndProjectSection
EndProject
Project("{2150E333-8FDC-42A3-9474-1A3956D46DE8}") = "database-scripts", "database-scripts", "{07B4781F-B46D-475E-9099-44382147ADBA}"
	ProjectSection(SolutionItems) = preProject
		database-scripts\README.md = database-scripts\README.md
	EndProjectSection
EndProject
Project("{2150E333-8FDC-42A3-9474-1A3956D46DE8}") = "database", "database", "{AF440155-26BC-4377-BE0D-B73ADC01D34D}"
	ProjectSection(SolutionItems) = preProject
		database-scripts\01-create\database\Dev.sql = database-scripts\01-create\database\Dev.sql
		database-scripts\01-create\database\README.md = database-scripts\01-create\database\README.md
	EndProjectSection
EndProject
Project("{2150E333-8FDC-42A3-9474-1A3956D46DE8}") = "table", "table", "{BFCABFC1-752A-463A-B1DB-B1406914AC45}"
	ProjectSection(SolutionItems) = preProject
		database-scripts\01-create\table\Card.sql = database-scripts\01-create\table\Card.sql
		database-scripts\01-create\table\README.md = database-scripts\01-create\table\README.md
	EndProjectSection
EndProject
Project("{2150E333-8FDC-42A3-9474-1A3956D46DE8}") = "02-alter", "02-alter", "{A66E5F18-24D2-438E-953C-75C66A067EEB}"
EndProject
Project("{2150E333-8FDC-42A3-9474-1A3956D46DE8}") = "01-create", "01-create", "{9E512064-6E87-45BD-948E-D2FE87DDEB36}"
	ProjectSection(SolutionItems) = preProject
		database-scripts\01-create\README.md = database-scripts\01-create\README.md
	EndProjectSection
EndProject
Project("{2150E333-8FDC-42A3-9474-1A3956D46DE8}") = "stored-procedure", "stored-procedure", "{B636F9AF-ED86-4D21-AF0F-7058F7256DCA}"
EndProject
Project("{2150E333-8FDC-42A3-9474-1A3956D46DE8}") = "stored-procedure", "stored-procedure", "{1D3BBD8E-5DCC-44A3-8778-3CA9EF5DB6B5}"
EndProject
Global
	GlobalSection(SolutionConfigurationPlatforms) = preSolution
		Debug|Any CPU = Debug|Any CPU
		Release|Any CPU = Release|Any CPU
	EndGlobalSection
	GlobalSection(ProjectConfigurationPlatforms) = postSolution
		{83D3F5E5-6951-4820-8728-D06111B6CA78}.Debug|Any CPU.ActiveCfg = Debug|Any CPU
		{83D3F5E5-6951-4820-8728-D06111B6CA78}.Debug|Any CPU.Build.0 = Debug|Any CPU
		{83D3F5E5-6951-4820-8728-D06111B6CA78}.Release|Any CPU.ActiveCfg = Release|Any CPU
		{83D3F5E5-6951-4820-8728-D06111B6CA78}.Release|Any CPU.Build.0 = Release|Any CPU
		{A2039CD9-58BA-4069-A945-D618E2CEDE83}.Debug|Any CPU.ActiveCfg = Debug|Any CPU
		{A2039CD9-58BA-4069-A945-D618E2CEDE83}.Debug|Any CPU.Build.0 = Debug|Any CPU
		{A2039CD9-58BA-4069-A945-D618E2CEDE83}.Release|Any CPU.ActiveCfg = Release|Any CPU
		{A2039CD9-58BA-4069-A945-D618E2CEDE83}.Release|Any CPU.Build.0 = Release|Any CPU
	EndGlobalSection
	GlobalSection(SolutionProperties) = preSolution
		HideSolutionNode = FALSE
	EndGlobalSection
	GlobalSection(NestedProjects) = preSolution
		{BFF71DAE-709C-431C-AED4-5E1A35CA1900} = {E90A05DE-674E-4E6E-AF32-D4B636046CD4}
		{AF440155-26BC-4377-BE0D-B73ADC01D34D} = {9E512064-6E87-45BD-948E-D2FE87DDEB36}
		{BFCABFC1-752A-463A-B1DB-B1406914AC45} = {9E512064-6E87-45BD-948E-D2FE87DDEB36}
		{A66E5F18-24D2-438E-953C-75C66A067EEB} = {07B4781F-B46D-475E-9099-44382147ADBA}
		{9E512064-6E87-45BD-948E-D2FE87DDEB36} = {07B4781F-B46D-475E-9099-44382147ADBA}
		{B636F9AF-ED86-4D21-AF0F-7058F7256DCA} = {9E512064-6E87-45BD-948E-D2FE87DDEB36}
		{1D3BBD8E-5DCC-44A3-8778-3CA9EF5DB6B5} = {A66E5F18-24D2-438E-953C-75C66A067EEB}
	EndGlobalSection
	GlobalSection(ExtensibilityGlobals) = postSolution
		SolutionGuid = {873DCCA0-1644-43FA-B412-CD2C2AF9930F}
	EndGlobalSection
EndGlobal
